// !$*UTF8*$!
{
	archiveVersion = 1;
	classes = {
	};
	objectVersion = 55;
	objects = {

/* Begin PBXBuildFile section */
		479673202842256A00C7719E /* AppDelegate.swift in Sources */ = {isa = PBXBuildFile; fileRef = 4796731F2842256A00C7719E /* AppDelegate.swift */; };
		479673222842256A00C7719E /* SceneDelegate.swift in Sources */ = {isa = PBXBuildFile; fileRef = 479673212842256A00C7719E /* SceneDelegate.swift */; };
		479673242842256A00C7719E /* ViewController.swift in Sources */ = {isa = PBXBuildFile; fileRef = 479673232842256A00C7719E /* ViewController.swift */; };
		479673272842256A00C7719E /* Main.storyboard in Resources */ = {isa = PBXBuildFile; fileRef = 479673252842256A00C7719E /* Main.storyboard */; };
		479673292842256B00C7719E /* Assets.xcassets in Resources */ = {isa = PBXBuildFile; fileRef = 479673282842256B00C7719E /* Assets.xcassets */; };
		4796732C2842256B00C7719E /* LaunchScreen.storyboard in Resources */ = {isa = PBXBuildFile; fileRef = 4796732A2842256B00C7719E /* LaunchScreen.storyboard */; };
		479673372842256B00C7719E /* CoreTests.swift in Sources */ = {isa = PBXBuildFile; fileRef = 479673362842256B00C7719E /* CoreTests.swift */; };
		479673412842256B00C7719E /* CoreUITests.swift in Sources */ = {isa = PBXBuildFile; fileRef = 479673402842256B00C7719E /* CoreUITests.swift */; };
		479673432842256B00C7719E /* CoreUITestsLaunchTests.swift in Sources */ = {isa = PBXBuildFile; fileRef = 479673422842256B00C7719E /* CoreUITestsLaunchTests.swift */; };
/* End PBXBuildFile section */

/* Begin PBXContainerItemProxy section */
		479673332842256B00C7719E /* PBXContainerItemProxy */ = {
			isa = PBXContainerItemProxy;
			containerPortal = 479673142842256A00C7719E /* Project object */;
			proxyType = 1;
			remoteGlobalIDString = 4796731B2842256A00C7719E;
			remoteInfo = Core;
		};
		4796733D2842256B00C7719E /* PBXContainerItemProxy */ = {
			isa = PBXContainerItemProxy;
			containerPortal = 479673142842256A00C7719E /* Project object */;
			proxyType = 1;
			remoteGlobalIDString = 4796731B2842256A00C7719E;
			remoteInfo = Core;
		};
/* End PBXContainerItemProxy section */

/* Begin PBXFileReference section */
		4796731C2842256A00C7719E /* Core.app */ = {isa = PBXFileReference; explicitFileType = wrapper.application; includeInIndex = 0; path = Core.app; sourceTree = BUILT_PRODUCTS_DIR; };
		4796731F2842256A00C7719E /* AppDelegate.swift */ = {isa = PBXFileReference; lastKnownFileType = sourcecode.swift; path = AppDelegate.swift; sourceTree = "<group>"; };
		479673212842256A00C7719E /* SceneDelegate.swift */ = {isa = PBXFileReference; lastKnownFileType = sourcecode.swift; path = SceneDelegate.swift; sourceTree = "<group>"; };
		479673232842256A00C7719E /* ViewController.swift */ = {isa = PBXFileReference; lastKnownFileType = sourcecode.swift; path = ViewController.swift; sourceTree = "<group>"; };
		479673262842256A00C7719E /* Base */ = {isa = PBXFileReference; lastKnownFileType = file.storyboard; name = Base; path = Base.lproj/Main.storyboard; sourceTree = "<group>"; };
		479673282842256B00C7719E /* Assets.xcassets */ = {isa = PBXFileReference; lastKnownFileType = folder.assetcatalog; path = Assets.xcassets; sourceTree = "<group>"; };
		4796732B2842256B00C7719E /* Base */ = {isa = PBXFileReference; lastKnownFileType = file.storyboard; name = Base; path = Base.lproj/LaunchScreen.storyboard; sourceTree = "<group>"; };
		4796732D2842256B00C7719E /* Info.plist */ = {isa = PBXFileReference; lastKnownFileType = text.plist.xml; path = Info.plist; sourceTree = "<group>"; };
		479673322842256B00C7719E /* CoreTests.xctest */ = {isa = PBXFileReference; explicitFileType = wrapper.cfbundle; includeInIndex = 0; path = CoreTests.xctest; sourceTree = BUILT_PRODUCTS_DIR; };
		479673362842256B00C7719E /* CoreTests.swift */ = {isa = PBXFileReference; lastKnownFileType = sourcecode.swift; path = CoreTests.swift; sourceTree = "<group>"; };
		4796733C2842256B00C7719E /* CoreUITests.xctest */ = {isa = PBXFileReference; explicitFileType = wrapper.cfbundle; includeInIndex = 0; path = CoreUITests.xctest; sourceTree = BUILT_PRODUCTS_DIR; };
		479673402842256B00C7719E /* CoreUITests.swift */ = {isa = PBXFileReference; lastKnownFileType = sourcecode.swift; path = CoreUITests.swift; sourceTree = "<group>"; };
		479673422842256B00C7719E /* CoreUITestsLaunchTests.swift */ = {isa = PBXFileReference; lastKnownFileType = sourcecode.swift; path = CoreUITestsLaunchTests.swift; sourceTree = "<group>"; };
/* End PBXFileReference section */

/* Begin PBXFrameworksBuildPhase section */
		479673192842256A00C7719E /* Frameworks */ = {
			isa = PBXFrameworksBuildPhase;
			buildActionMask = 2147483647;
			files = (
			);
			runOnlyForDeploymentPostprocessing = 0;
		};
		4796732F2842256B00C7719E /* Frameworks */ = {
			isa = PBXFrameworksBuildPhase;
			buildActionMask = 2147483647;
			files = (
			);
			runOnlyForDeploymentPostprocessing = 0;
		};
		479673392842256B00C7719E /* Frameworks */ = {
			isa = PBXFrameworksBuildPhase;
			buildActionMask = 2147483647;
			files = (
			);
			runOnlyForDeploymentPostprocessing = 0;
		};
/* End PBXFrameworksBuildPhase section */

/* Begin PBXGroup section */
		479673132842256A00C7719E = {
			isa = PBXGroup;
			children = (
				4796731E2842256A00C7719E /* Core */,
				479673352842256B00C7719E /* CoreTests */,
				4796733F2842256B00C7719E /* CoreUITests */,
				4796731D2842256A00C7719E /* Products */,
			);
			sourceTree = "<group>";
		};
		4796731D2842256A00C7719E /* Products */ = {
			isa = PBXGroup;
			children = (
				4796731C2842256A00C7719E /* Core.app */,
				479673322842256B00C7719E /* CoreTests.xctest */,
				4796733C2842256B00C7719E /* CoreUITests.xctest */,
			);
			name = Products;
			sourceTree = "<group>";
		};
		4796731E2842256A00C7719E /* Core */ = {
			isa = PBXGroup;
			children = (
				4796731F2842256A00C7719E /* AppDelegate.swift */,
				479673212842256A00C7719E /* SceneDelegate.swift */,
				479673232842256A00C7719E /* ViewController.swift */,
				479673252842256A00C7719E /* Main.storyboard */,
				479673282842256B00C7719E /* Assets.xcassets */,
				4796732A2842256B00C7719E /* LaunchScreen.storyboard */,
				4796732D2842256B00C7719E /* Info.plist */,
			);
			path = Core;
			sourceTree = "<group>";
		};
		479673352842256B00C7719E /* CoreTests */ = {
			isa = PBXGroup;
			children = (
				479673362842256B00C7719E /* CoreTests.swift */,
			);
			path = CoreTests;
			sourceTree = "<group>";
		};
		4796733F2842256B00C7719E /* CoreUITests */ = {
			isa = PBXGroup;
			children = (
				479673402842256B00C7719E /* CoreUITests.swift */,
				479673422842256B00C7719E /* CoreUITestsLaunchTests.swift */,
			);
			path = CoreUITests;
			sourceTree = "<group>";
		};
/* End PBXGroup section */

/* Begin PBXNativeTarget section */
		4796731B2842256A00C7719E /* Core */ = {
			isa = PBXNativeTarget;
			buildConfigurationList = 479673462842256B00C7719E /* Build configuration list for PBXNativeTarget "Core" */;
			buildPhases = (
				479673182842256A00C7719E /* Sources */,
				479673192842256A00C7719E /* Frameworks */,
				4796731A2842256A00C7719E /* Resources */,
			);
			buildRules = (
			);
			dependencies = (
			);
			name = Core;
			productName = Core;
			productReference = 4796731C2842256A00C7719E /* Core.app */;
			productType = "com.apple.product-type.application";
		};
		479673312842256B00C7719E /* CoreTests */ = {
			isa = PBXNativeTarget;
			buildConfigurationList = 479673492842256B00C7719E /* Build configuration list for PBXNativeTarget "CoreTests" */;
			buildPhases = (
				4796732E2842256B00C7719E /* Sources */,
				4796732F2842256B00C7719E /* Frameworks */,
				479673302842256B00C7719E /* Resources */,
			);
			buildRules = (
			);
			dependencies = (
				479673342842256B00C7719E /* PBXTargetDependency */,
			);
			name = CoreTests;
			productName = CoreTests;
			productReference = 479673322842256B00C7719E /* CoreTests.xctest */;
			productType = "com.apple.product-type.bundle.unit-test";
		};
		4796733B2842256B00C7719E /* CoreUITests */ = {
			isa = PBXNativeTarget;
			buildConfigurationList = 4796734C2842256B00C7719E /* Build configuration list for PBXNativeTarget "CoreUITests" */;
			buildPhases = (
				479673382842256B00C7719E /* Sources */,
				479673392842256B00C7719E /* Frameworks */,
				4796733A2842256B00C7719E /* Resources */,
			);
			buildRules = (
			);
			dependencies = (
				4796733E2842256B00C7719E /* PBXTargetDependency */,
			);
			name = CoreUITests;
			productName = CoreUITests;
			productReference = 4796733C2842256B00C7719E /* CoreUITests.xctest */;
			productType = "com.apple.product-type.bundle.ui-testing";
		};
/* End PBXNativeTarget section */

/* Begin PBXProject section */
		479673142842256A00C7719E /* Project object */ = {
			isa = PBXProject;
			attributes = {
				BuildIndependentTargetsInParallel = 1;
				LastSwiftUpdateCheck = 1330;
				LastUpgradeCheck = 1330;
				TargetAttributes = {
					4796731B2842256A00C7719E = {
						CreatedOnToolsVersion = 13.3;
					};
					479673312842256B00C7719E = {
						CreatedOnToolsVersion = 13.3;
						TestTargetID = 4796731B2842256A00C7719E;
					};
					4796733B2842256B00C7719E = {
						CreatedOnToolsVersion = 13.3;
						TestTargetID = 4796731B2842256A00C7719E;
					};
				};
			};
			buildConfigurationList = 479673172842256A00C7719E /* Build configuration list for PBXProject "Core" */;
			compatibilityVersion = "Xcode 13.0";
			developmentRegion = en;
			hasScannedForEncodings = 0;
			knownRegions = (
				en,
				Base,
			);
			mainGroup = 479673132842256A00C7719E;
			productRefGroup = 4796731D2842256A00C7719E /* Products */;
			projectDirPath = "";
			projectRoot = "";
			targets = (
				4796731B2842256A00C7719E /* Core */,
				479673312842256B00C7719E /* CoreTests */,
				4796733B2842256B00C7719E /* CoreUITests */,
			);
		};
/* End PBXProject section */

/* Begin PBXResourcesBuildPhase section */
		4796731A2842256A00C7719E /* Resources */ = {
			isa = PBXResourcesBuildPhase;
			buildActionMask = 2147483647;
			files = (
				4796732C2842256B00C7719E /* LaunchScreen.storyboard in Resources */,
				479673292842256B00C7719E /* Assets.xcassets in Resources */,
				479673272842256A00C7719E /* Main.storyboard in Resources */,
			);
			runOnlyForDeploymentPostprocessing = 0;
		};
		479673302842256B00C7719E /* Resources */ = {
			isa = PBXResourcesBuildPhase;
			buildActionMask = 2147483647;
			files = (
			);
			runOnlyForDeploymentPostprocessing = 0;
		};
		4796733A2842256B00C7719E /* Resources */ = {
			isa = PBXResourcesBuildPhase;
			buildActionMask = 2147483647;
			files = (
			);
			runOnlyForDeploymentPostprocessing = 0;
		};
/* End PBXResourcesBuildPhase section */

/* Begin PBXSourcesBuildPhase section */
		479673182842256A00C7719E /* Sources */ = {
			isa = PBXSourcesBuildPhase;
			buildActionMask = 2147483647;
			files = (
				479673242842256A00C7719E /* ViewController.swift in Sources */,
				479673202842256A00C7719E /* AppDelegate.swift in Sources */,
				479673222842256A00C7719E /* SceneDelegate.swift in Sources */,
			);
			runOnlyForDeploymentPostprocessing = 0;
		};
		4796732E2842256B00C7719E /* Sources */ = {
			isa = PBXSourcesBuildPhase;
			buildActionMask = 2147483647;
			files = (
				479673372842256B00C7719E /* CoreTests.swift in Sources */,
			);
			runOnlyForDeploymentPostprocessing = 0;
		};
		479673382842256B00C7719E /* Sources */ = {
			isa = PBXSourcesBuildPhase;
			buildActionMask = 2147483647;
			files = (
				479673412842256B00C7719E /* CoreUITests.swift in Sources */,
				479673432842256B00C7719E /* CoreUITestsLaunchTests.swift in Sources */,
			);
			runOnlyForDeploymentPostprocessing = 0;
		};
/* End PBXSourcesBuildPhase section */

/* Begin PBXTargetDependency section */
		479673342842256B00C7719E /* PBXTargetDependency */ = {
			isa = PBXTargetDependency;
			target = 4796731B2842256A00C7719E /* Core */;
			targetProxy = 479673332842256B00C7719E /* PBXContainerItemProxy */;
		};
		4796733E2842256B00C7719E /* PBXTargetDependency */ = {
			isa = PBXTargetDependency;
			target = 4796731B2842256A00C7719E /* Core */;
			targetProxy = 4796733D2842256B00C7719E /* PBXContainerItemProxy */;
		};
/* End PBXTargetDependency section */

/* Begin PBXVariantGroup section */
		479673252842256A00C7719E /* Main.storyboard */ = {
			isa = PBXVariantGroup;
			children = (
				479673262842256A00C7719E /* Base */,
			);
			name = Main.storyboard;
			sourceTree = "<group>";
		};
		4796732A2842256B00C7719E /* LaunchScreen.storyboard */ = {
			isa = PBXVariantGroup;
			children = (
				4796732B2842256B00C7719E /* Base */,
			);
			name = LaunchScreen.storyboard;
			sourceTree = "<group>";
		};
/* End PBXVariantGroup section */

/* Begin XCBuildConfiguration section */
		479673442842256B00C7719E /* Debug */ = {
			isa = XCBuildConfiguration;
			buildSettings = {
				ALWAYS_SEARCH_USER_PATHS = NO;
				CLANG_ANALYZER_NONNULL = YES;
				CLANG_ANALYZER_NUMBER_OBJECT_CONVERSION = YES_AGGRESSIVE;
				CLANG_CXX_LANGUAGE_STANDARD = "gnu++17";
				CLANG_ENABLE_MODULES = YES;
				CLANG_ENABLE_OBJC_ARC = YES;
				CLANG_ENABLE_OBJC_WEAK = YES;
				CLANG_WARN_BLOCK_CAPTURE_AUTORELEASING = YES;
				CLANG_WARN_BOOL_CONVERSION = YES;
				CLANG_WARN_COMMA = YES;
				CLANG_WARN_CONSTANT_CONVERSION = YES;
				CLANG_WARN_DEPRECATED_OBJC_IMPLEMENTATIONS = YES;
				CLANG_WARN_DIRECT_OBJC_ISA_USAGE = YES_ERROR;
				CLANG_WARN_DOCUMENTATION_COMMENTS = YES;
				CLANG_WARN_EMPTY_BODY = YES;
				CLANG_WARN_ENUM_CONVERSION = YES;
				CLANG_WARN_INFINITE_RECURSION = YES;
				CLANG_WARN_INT_CONVERSION = YES;
				CLANG_WARN_NON_LITERAL_NULL_CONVERSION = YES;
				CLANG_WARN_OBJC_IMPLICIT_RETAIN_SELF = YES;
				CLANG_WARN_OBJC_LITERAL_CONVERSION = YES;
				CLANG_WARN_OBJC_ROOT_CLASS = YES_ERROR;
				CLANG_WARN_QUOTED_INCLUDE_IN_FRAMEWORK_HEADER = YES;
				CLANG_WARN_RANGE_LOOP_ANALYSIS = YES;
				CLANG_WARN_STRICT_PROTOTYPES = YES;
				CLANG_WARN_SUSPICIOUS_MOVE = YES;
				CLANG_WARN_UNGUARDED_AVAILABILITY = YES_AGGRESSIVE;
				CLANG_WARN_UNREACHABLE_CODE = YES;
				CLANG_WARN__DUPLICATE_METHOD_MATCH = YES;
				COPY_PHASE_STRIP = NO;
				DEBUG_INFORMATION_FORMAT = dwarf;
				ENABLE_STRICT_OBJC_MSGSEND = YES;
				ENABLE_TESTABILITY = YES;
				GCC_C_LANGUAGE_STANDARD = gnu11;
				GCC_DYNAMIC_NO_PIC = NO;
				GCC_NO_COMMON_BLOCKS = YES;
				GCC_OPTIMIZATION_LEVEL = 0;
				GCC_PREPROCESSOR_DEFINITIONS = (
					"DEBUG=1",
					"$(inherited)",
				);
				GCC_WARN_64_TO_32_BIT_CONVERSION = YES;
				GCC_WARN_ABOUT_RETURN_TYPE = YES_ERROR;
				GCC_WARN_UNDECLARED_SELECTOR = YES;
				GCC_WARN_UNINITIALIZED_AUTOS = YES_AGGRESSIVE;
				GCC_WARN_UNUSED_FUNCTION = YES;
				GCC_WARN_UNUSED_VARIABLE = YES;
				IPHONEOS_DEPLOYMENT_TARGET = 15.4;
				MTL_ENABLE_DEBUG_INFO = INCLUDE_SOURCE;
				MTL_FAST_MATH = YES;
				ONLY_ACTIVE_ARCH = YES;
				SDKROOT = iphoneos;
				SWIFT_ACTIVE_COMPILATION_CONDITIONS = DEBUG;
				SWIFT_OPTIMIZATION_LEVEL = "-Onone";
			};
			name = Debug;
		};
		479673452842256B00C7719E /* Release */ = {
			isa = XCBuildConfiguration;
			buildSettings = {
				ALWAYS_SEARCH_USER_PATHS = NO;
				CLANG_ANALYZER_NONNULL = YES;
				CLANG_ANALYZER_NUMBER_OBJECT_CONVERSION = YES_AGGRESSIVE;
				CLANG_CXX_LANGUAGE_STANDARD = "gnu++17";
				CLANG_ENABLE_MODULES = YES;
				CLANG_ENABLE_OBJC_ARC = YES;
				CLANG_ENABLE_OBJC_WEAK = YES;
				CLANG_WARN_BLOCK_CAPTURE_AUTORELEASING = YES;
				CLANG_WARN_BOOL_CONVERSION = YES;
				CLANG_WARN_COMMA = YES;
				CLANG_WARN_CONSTANT_CONVERSION = YES;
				CLANG_WARN_DEPRECATED_OBJC_IMPLEMENTATIONS = YES;
				CLANG_WARN_DIRECT_OBJC_ISA_USAGE = YES_ERROR;
				CLANG_WARN_DOCUMENTATION_COMMENTS = YES;
				CLANG_WARN_EMPTY_BODY = YES;
				CLANG_WARN_ENUM_CONVERSION = YES;
				CLANG_WARN_INFINITE_RECURSION = YES;
				CLANG_WARN_INT_CONVERSION = YES;
				CLANG_WARN_NON_LITERAL_NULL_CONVERSION = YES;
				CLANG_WARN_OBJC_IMPLICIT_RETAIN_SELF = YES;
				CLANG_WARN_OBJC_LITERAL_CONVERSION = YES;
				CLANG_WARN_OBJC_ROOT_CLASS = YES_ERROR;
				CLANG_WARN_QUOTED_INCLUDE_IN_FRAMEWORK_HEADER = YES;
				CLANG_WARN_RANGE_LOOP_ANALYSIS = YES;
				CLANG_WARN_STRICT_PROTOTYPES = YES;
				CLANG_WARN_SUSPICIOUS_MOVE = YES;
				CLANG_WARN_UNGUARDED_AVAILABILITY = YES_AGGRESSIVE;
				CLANG_WARN_UNREACHABLE_CODE = YES;
				CLANG_WARN__DUPLICATE_METHOD_MATCH = YES;
				COPY_PHASE_STRIP = NO;
				DEBUG_INFORMATION_FORMAT = "dwarf-with-dsym";
				ENABLE_NS_ASSERTIONS = NO;
				ENABLE_STRICT_OBJC_MSGSEND = YES;
				GCC_C_LANGUAGE_STANDARD = gnu11;
				GCC_NO_COMMON_BLOCKS = YES;
				GCC_WARN_64_TO_32_BIT_CONVERSION = YES;
				GCC_WARN_ABOUT_RETURN_TYPE = YES_ERROR;
				GCC_WARN_UNDECLARED_SELECTOR = YES;
				GCC_WARN_UNINITIALIZED_AUTOS = YES_AGGRESSIVE;
				GCC_WARN_UNUSED_FUNCTION = YES;
				GCC_WARN_UNUSED_VARIABLE = YES;
				IPHONEOS_DEPLOYMENT_TARGET = 15.4;
				MTL_ENABLE_DEBUG_INFO = NO;
				MTL_FAST_MATH = YES;
				SDKROOT = iphoneos;
				SWIFT_COMPILATION_MODE = wholemodule;
				SWIFT_OPTIMIZATION_LEVEL = "-O";
				VALIDATE_PRODUCT = YES;
			};
			name = Release;
		};
		479673472842256B00C7719E /* Debug */ = {
			isa = XCBuildConfiguration;
			buildSettings = {
				ASSETCATALOG_COMPILER_APPICON_NAME = AppIcon;
				ASSETCATALOG_COMPILER_GLOBAL_ACCENT_COLOR_NAME = AccentColor;
				CODE_SIGN_STYLE = Automatic;
				CURRENT_PROJECT_VERSION = 1;
				DEVELOPMENT_TEAM = 4CYMJA762C;
				GENERATE_INFOPLIST_FILE = YES;
				INFOPLIST_FILE = Core/Info.plist;
				INFOPLIST_KEY_UIApplicationSupportsIndirectInputEvents = YES;
				INFOPLIST_KEY_UILaunchStoryboardName = LaunchScreen;
				INFOPLIST_KEY_UIMainStoryboardFile = Main;
				INFOPLIST_KEY_UISupportedInterfaceOrientations_iPad = "UIInterfaceOrientationPortrait UIInterfaceOrientationPortraitUpsideDown UIInterfaceOrientationLandscapeLeft UIInterfaceOrientationLandscapeRight";
				INFOPLIST_KEY_UISupportedInterfaceOrientations_iPhone = "UIInterfaceOrientationPortrait UIInterfaceOrientationLandscapeLeft UIInterfaceOrientationLandscapeRight";
				LD_RUNPATH_SEARCH_PATHS = (
					"$(inherited)",
					"@executable_path/Frameworks",
				);
				MARKETING_VERSION = 1.0;
				PRODUCT_BUNDLE_IDENTIFIER = sapient.com.Core;
				PRODUCT_NAME = "$(TARGET_NAME)";
				SWIFT_EMIT_LOC_STRINGS = YES;
				SWIFT_VERSION = 5.0;
				TARGETED_DEVICE_FAMILY = "1,2";
			};
			name = Debug;
		};
		479673482842256B00C7719E /* Release */ = {
			isa = XCBuildConfiguration;
			buildSettings = {
				ASSETCATALOG_COMPILER_APPICON_NAME = AppIcon;
				ASSETCATALOG_COMPILER_GLOBAL_ACCENT_COLOR_NAME = AccentColor;
				CODE_SIGN_STYLE = Automatic;
				CURRENT_PROJECT_VERSION = 1;
				DEVELOPMENT_TEAM = 4CYMJA762C;
				GENERATE_INFOPLIST_FILE = YES;
				INFOPLIST_FILE = Core/Info.plist;
				INFOPLIST_KEY_UIApplicationSupportsIndirectInputEvents = YES;
				INFOPLIST_KEY_UILaunchStoryboardName = LaunchScreen;
				INFOPLIST_KEY_UIMainStoryboardFile = Main;
				INFOPLIST_KEY_UISupportedInterfaceOrientations_iPad = "UIInterfaceOrientationPortrait UIInterfaceOrientationPortraitUpsideDown UIInterfaceOrientationLandscapeLeft UIInterfaceOrientationLandscapeRight";
				INFOPLIST_KEY_UISupportedInterfaceOrientations_iPhone = "UIInterfaceOrientationPortrait UIInterfaceOrientationLandscapeLeft UIInterfaceOrientationLandscapeRight";
				LD_RUNPATH_SEARCH_PATHS = (
					"$(inherited)",
					"@executable_path/Frameworks",
				);
				MARKETING_VERSION = 1.0;
				PRODUCT_BUNDLE_IDENTIFIER = sapient.com.Core;
				PRODUCT_NAME = "$(TARGET_NAME)";
				SWIFT_EMIT_LOC_STRINGS = YES;
				SWIFT_VERSION = 5.0;
				TARGETED_DEVICE_FAMILY = "1,2";
			};
			name = Release;
		};
		4796734A2842256B00C7719E /* Debug */ = {
			isa = XCBuildConfiguration;
			buildSettings = {
				ALWAYS_EMBED_SWIFT_STANDARD_LIBRARIES = YES;
				BUNDLE_LOADER = "$(TEST_HOST)";
				CODE_SIGN_STYLE = Automatic;
				CURRENT_PROJECT_VERSION = 1;
				DEVELOPMENT_TEAM = 4CYMJA762C;
				GENERATE_INFOPLIST_FILE = YES;
				IPHONEOS_DEPLOYMENT_TARGET = 15.4;
				MARKETING_VERSION = 1.0;
				PRODUCT_BUNDLE_IDENTIFIER = sapient.com.CoreTests;
				PRODUCT_NAME = "$(TARGET_NAME)";
				SWIFT_EMIT_LOC_STRINGS = NO;
				SWIFT_VERSION = 5.0;
				TARGETED_DEVICE_FAMILY = "1,2";
				TEST_HOST = "$(BUILT_PRODUCTS_DIR)/Core.app/Core";
			};
			name = Debug;
		};
		4796734B2842256B00C7719E /* Release */ = {
			isa = XCBuildConfiguration;
			buildSettings = {
				ALWAYS_EMBED_SWIFT_STANDARD_LIBRARIES = YES;
				BUNDLE_LOADER = "$(TEST_HOST)";
				CODE_SIGN_STYLE = Automatic;
				CURRENT_PROJECT_VERSION = 1;
				DEVELOPMENT_TEAM = 4CYMJA762C;
				GENERATE_INFOPLIST_FILE = YES;
				IPHONEOS_DEPLOYMENT_TARGET = 15.4;
				MARKETING_VERSION = 1.0;
				PRODUCT_BUNDLE_IDENTIFIER = sapient.com.CoreTests;
				PRODUCT_NAME = "$(TARGET_NAME)";
				SWIFT_EMIT_LOC_STRINGS = NO;
				SWIFT_VERSION = 5.0;
				TARGETED_DEVICE_FAMILY = "1,2";
				TEST_HOST = "$(BUILT_PRODUCTS_DIR)/Core.app/Core";
			};
			name = Release;
		};
		4796734D2842256B00C7719E /* Debug */ = {
			isa = XCBuildConfiguration;
			buildSettings = {
				ALWAYS_EMBED_SWIFT_STANDARD_LIBRARIES = YES;
				CODE_SIGN_STYLE = Automatic;
				CURRENT_PROJECT_VERSION = 1;
				DEVELOPMENT_TEAM = 4CYMJA762C;
				GENERATE_INFOPLIST_FILE = YES;
				MARKETING_VERSION = 1.0;
				PRODUCT_BUNDLE_IDENTIFIER = sapient.com.CoreUITests;
				PRODUCT_NAME = "$(TARGET_NAME)";
				SWIFT_EMIT_LOC_STRINGS = NO;
				SWIFT_VERSION = 5.0;
				TARGETED_DEVICE_FAMILY = "1,2";
				TEST_TARGET_NAME = Core;
			};
			name = Debug;
		};
		4796734E2842256B00C7719E /* Release */ = {
			isa = XCBuildConfiguration;
			buildSettings = {
				ALWAYS_EMBED_SWIFT_STANDARD_LIBRARIES = YES;
				CODE_SIGN_STYLE = Automatic;
				CURRENT_PROJECT_VERSION = 1;
				DEVELOPMENT_TEAM = 4CYMJA762C;
				GENERATE_INFOPLIST_FILE = YES;
				MARKETING_VERSION = 1.0;
				PRODUCT_BUNDLE_IDENTIFIER = sapient.com.CoreUITests;
				PRODUCT_NAME = "$(TARGET_NAME)";
				SWIFT_EMIT_LOC_STRINGS = NO;
				SWIFT_VERSION = 5.0;
				TARGETED_DEVICE_FAMILY = "1,2";
				TEST_TARGET_NAME = Core;
			};
			name = Release;
		};
/* End XCBuildConfiguration section */

/* Begin XCConfigurationList section */
		479673172842256A00C7719E /* Build configuration list for PBXProject "Core" */ = {
			isa = XCConfigurationList;
			buildConfigurations = (
				479673442842256B00C7719E /* Debug */,
				479673452842256B00C7719E /* Release */,
			);
			defaultConfigurationIsVisible = 0;
			defaultConfigurationName = Release;
		};
		479673462842256B00C7719E /* Build configuration list for PBXNativeTarget "Core" */ = {
			isa = XCConfigurationList;
			buildConfigurations = (
				479673472842256B00C7719E /* Debug */,
				479673482842256B00C7719E /* Release */,
			);
			defaultConfigurationIsVisible = 0;
			defaultConfigurationName = Release;
		};
		479673492842256B00C7719E /* Build configuration list for PBXNativeTarget "CoreTests" */ = {
			isa = XCConfigurationList;
			buildConfigurations = (
				4796734A2842256B00C7719E /* Debug */,
				4796734B2842256B00C7719E /* Release */,
			);
			defaultConfigurationIsVisible = 0;
			defaultConfigurationName = Release;
		};
		4796734C2842256B00C7719E /* Build configuration list for PBXNativeTarget "CoreUITests" */ = {
			isa = XCConfigurationList;
			buildConfigurations = (
				4796734D2842256B00C7719E /* Debug */,
				4796734E2842256B00C7719E /* Release */,
			);
			defaultConfigurationIsVisible = 0;
			defaultConfigurationName = Release;
		};
/* End XCConfigurationList section */
	};
	rootObject = 479673142842256A00C7719E /* Project object */;
}
